// !$*UTF8*$!
{
	archiveVersion = 1;
	classes = {
	};
	objectVersion = 50;
	objects = {

/* Begin PBXBuildFile section */
		9103348C21ADDE5B0048120C /* SearchResults.swift in Sources */ = {isa = PBXBuildFile; fileRef = 9103348B21ADDE5B0048120C /* SearchResults.swift */; };
		9108237821AF2AC900CCE199 /* APIService.swift in Sources */ = {isa = PBXBuildFile; fileRef = 9108237721AF2AC900CCE199 /* APIService.swift */; };
		9108237B21AF412C00CCE199 /* PodcastCell.xib in Resources */ = {isa = PBXBuildFile; fileRef = 9108237A21AF412C00CCE199 /* PodcastCell.xib */; };
		9108237D21AF4C6100CCE199 /* PodcastCell.swift in Sources */ = {isa = PBXBuildFile; fileRef = 9108237C21AF4C6100CCE199 /* PodcastCell.swift */; };
		910EFF3321F71C040038BF87 /* PlayerDetailsView.xib in Resources */ = {isa = PBXBuildFile; fileRef = 910EFF3221F71C040038BF87 /* PlayerDetailsView.xib */; };
		910EFF3521F720EE0038BF87 /* PlayerDetailsView.swift in Sources */ = {isa = PBXBuildFile; fileRef = 910EFF3421F720EE0038BF87 /* PlayerDetailsView.swift */; };
		910FF35C222B38070084444E /* UIApplication.swift in Sources */ = {isa = PBXBuildFile; fileRef = 910FF35B222B38070084444E /* UIApplication.swift */; };
		910FF35E222B3A950084444E /* PlayerDetailsView+Gestures.swift in Sources */ = {isa = PBXBuildFile; fileRef = 910FF35D222B3A950084444E /* PlayerDetailsView+Gestures.swift */; };
		911422E721F78DBD0058FF35 /* CMTime.swift in Sources */ = {isa = PBXBuildFile; fileRef = 911422E621F78DBD0058FF35 /* CMTime.swift */; };
		9116625A223E3D280049B555 /* DownloadVC.swift in Sources */ = {isa = PBXBuildFile; fileRef = 91166259223E3D280049B555 /* DownloadVC.swift */; };
		9116625C223E43CC0049B555 /* FavoritePodcastCell.swift in Sources */ = {isa = PBXBuildFile; fileRef = 9116625B223E43CC0049B555 /* FavoritePodcastCell.swift */; };
		9116625E223E6E3C0049B555 /* UserDefaults.swift in Sources */ = {isa = PBXBuildFile; fileRef = 9116625D223E6E3C0049B555 /* UserDefaults.swift */; };
		9116E7DB21B29DFB00A89263 /* EpisodesTableVc.swift in Sources */ = {isa = PBXBuildFile; fileRef = 9116E7DA21B29DFB00A89263 /* EpisodesTableVc.swift */; };
		9116E7DD21B2AD3800A89263 /* Episode.swift in Sources */ = {isa = PBXBuildFile; fileRef = 9116E7DC21B2AD3800A89263 /* Episode.swift */; };
		91B1328821B581EE00352855 /* EpisodeCell.swift in Sources */ = {isa = PBXBuildFile; fileRef = 91B1328621B581EE00352855 /* EpisodeCell.swift */; };
		91B1328921B581EE00352855 /* EpisodeCell.xib in Resources */ = {isa = PBXBuildFile; fileRef = 91B1328721B581EE00352855 /* EpisodeCell.xib */; };
		91EC29C721ACA290005F840B /* AppDelegate.swift in Sources */ = {isa = PBXBuildFile; fileRef = 91EC29C621ACA290005F840B /* AppDelegate.swift */; };
		91EC29C921ACA290005F840B /* FavoriteController.swift in Sources */ = {isa = PBXBuildFile; fileRef = 91EC29C821ACA290005F840B /* FavoriteController.swift */; };
		91EC29CC21ACA290005F840B /* Main.storyboard in Resources */ = {isa = PBXBuildFile; fileRef = 91EC29CA21ACA290005F840B /* Main.storyboard */; };
		91EC29CE21ACA296005F840B /* Assets.xcassets in Resources */ = {isa = PBXBuildFile; fileRef = 91EC29CD21ACA296005F840B /* Assets.xcassets */; };
		91EC29D121ACA296005F840B /* LaunchScreen.storyboard in Resources */ = {isa = PBXBuildFile; fileRef = 91EC29CF21ACA296005F840B /* LaunchScreen.storyboard */; };
		91EC29D921ACA42E005F840B /* MainTabBarController.swift in Sources */ = {isa = PBXBuildFile; fileRef = 91EC29D821ACA42E005F840B /* MainTabBarController.swift */; };
		91EC29DC21ACB87A005F840B /* SearchTableVC.swift in Sources */ = {isa = PBXBuildFile; fileRef = 91EC29DB21ACB87A005F840B /* SearchTableVC.swift */; };
		91EC29DF21ACB970005F840B /* Podcast.swift in Sources */ = {isa = PBXBuildFile; fileRef = 91EC29DE21ACB970005F840B /* Podcast.swift */; };
		91ECC75D21B5D90A00BDE15F /* String.swift in Sources */ = {isa = PBXBuildFile; fileRef = 91ECC75C21B5D90A00BDE15F /* String.swift */; };
		91ECC75F21B5DB2A00BDE15F /* RSSFeed.swift in Sources */ = {isa = PBXBuildFile; fileRef = 91ECC75E21B5DB2A00BDE15F /* RSSFeed.swift */; };
		985DB15988BB6E35A8E2AD4C /* Pods_PodcastsApp.framework in Frameworks */ = {isa = PBXBuildFile; fileRef = 2C591EB0D90FA64C3722EC16 /* Pods_PodcastsApp.framework */; };
/* End PBXBuildFile section */

/* Begin PBXFileReference section */
		2C591EB0D90FA64C3722EC16 /* Pods_PodcastsApp.framework */ = {isa = PBXFileReference; explicitFileType = wrapper.framework; includeInIndex = 0; path = Pods_PodcastsApp.framework; sourceTree = BUILT_PRODUCTS_DIR; };
		50BEF324954BA5D6EBE11CAD /* Pods-PodcastsApp.release.xcconfig */ = {isa = PBXFileReference; includeInIndex = 1; lastKnownFileType = text.xcconfig; name = "Pods-PodcastsApp.release.xcconfig"; path = "Pods/Target Support Files/Pods-PodcastsApp/Pods-PodcastsApp.release.xcconfig"; sourceTree = "<group>"; };
		9103348B21ADDE5B0048120C /* SearchResults.swift */ = {isa = PBXFileReference; lastKnownFileType = sourcecode.swift; path = SearchResults.swift; sourceTree = "<group>"; };
		9108237721AF2AC900CCE199 /* APIService.swift */ = {isa = PBXFileReference; lastKnownFileType = sourcecode.swift; path = APIService.swift; sourceTree = "<group>"; };
		9108237A21AF412C00CCE199 /* PodcastCell.xib */ = {isa = PBXFileReference; lastKnownFileType = file.xib; path = PodcastCell.xib; sourceTree = "<group>"; };
		9108237C21AF4C6100CCE199 /* PodcastCell.swift */ = {isa = PBXFileReference; lastKnownFileType = sourcecode.swift; path = PodcastCell.swift; sourceTree = "<group>"; };
		910EFF3221F71C040038BF87 /* PlayerDetailsView.xib */ = {isa = PBXFileReference; lastKnownFileType = file.xib; path = PlayerDetailsView.xib; sourceTree = "<group>"; };
		910EFF3421F720EE0038BF87 /* PlayerDetailsView.swift */ = {isa = PBXFileReference; lastKnownFileType = sourcecode.swift; path = PlayerDetailsView.swift; sourceTree = "<group>"; };
		910FF35B222B38070084444E /* UIApplication.swift */ = {isa = PBXFileReference; lastKnownFileType = sourcecode.swift; path = UIApplication.swift; sourceTree = "<group>"; };
		910FF35D222B3A950084444E /* PlayerDetailsView+Gestures.swift */ = {isa = PBXFileReference; lastKnownFileType = sourcecode.swift; path = "PlayerDetailsView+Gestures.swift"; sourceTree = "<group>"; };
		911422E621F78DBD0058FF35 /* CMTime.swift */ = {isa = PBXFileReference; lastKnownFileType = sourcecode.swift; path = CMTime.swift; sourceTree = "<group>"; };
		91166259223E3D280049B555 /* DownloadVC.swift */ = {isa = PBXFileReference; lastKnownFileType = sourcecode.swift; path = DownloadVC.swift; sourceTree = "<group>"; };
		9116625B223E43CC0049B555 /* FavoritePodcastCell.swift */ = {isa = PBXFileReference; lastKnownFileType = sourcecode.swift; path = FavoritePodcastCell.swift; sourceTree = "<group>"; };
		9116625D223E6E3C0049B555 /* UserDefaults.swift */ = {isa = PBXFileReference; lastKnownFileType = sourcecode.swift; path = UserDefaults.swift; sourceTree = "<group>"; };
		9116E7DA21B29DFB00A89263 /* EpisodesTableVc.swift */ = {isa = PBXFileReference; lastKnownFileType = sourcecode.swift; path = EpisodesTableVc.swift; sourceTree = "<group>"; };
		9116E7DC21B2AD3800A89263 /* Episode.swift */ = {isa = PBXFileReference; lastKnownFileType = sourcecode.swift; path = Episode.swift; sourceTree = "<group>"; };
		91B1328621B581EE00352855 /* EpisodeCell.swift */ = {isa = PBXFileReference; lastKnownFileType = sourcecode.swift; path = EpisodeCell.swift; sourceTree = "<group>"; };
		91B1328721B581EE00352855 /* EpisodeCell.xib */ = {isa = PBXFileReference; lastKnownFileType = file.xib; path = EpisodeCell.xib; sourceTree = "<group>"; };
		91EC29C321ACA290005F840B /* PodcastsApp.app */ = {isa = PBXFileReference; explicitFileType = wrapper.application; includeInIndex = 0; path = PodcastsApp.app; sourceTree = BUILT_PRODUCTS_DIR; };
		91EC29C621ACA290005F840B /* AppDelegate.swift */ = {isa = PBXFileReference; lastKnownFileType = sourcecode.swift; path = AppDelegate.swift; sourceTree = "<group>"; };
		91EC29C821ACA290005F840B /* FavoriteController.swift */ = {isa = PBXFileReference; lastKnownFileType = sourcecode.swift; path = FavoriteController.swift; sourceTree = "<group>"; };
		91EC29CB21ACA290005F840B /* Base */ = {isa = PBXFileReference; lastKnownFileType = file.storyboard; name = Base; path = Base.lproj/Main.storyboard; sourceTree = "<group>"; };
		91EC29CD21ACA296005F840B /* Assets.xcassets */ = {isa = PBXFileReference; lastKnownFileType = folder.assetcatalog; path = Assets.xcassets; sourceTree = "<group>"; };
		91EC29D021ACA296005F840B /* Base */ = {isa = PBXFileReference; lastKnownFileType = file.storyboard; name = Base; path = Base.lproj/LaunchScreen.storyboard; sourceTree = "<group>"; };
		91EC29D221ACA296005F840B /* Info.plist */ = {isa = PBXFileReference; lastKnownFileType = text.plist.xml; path = Info.plist; sourceTree = "<group>"; };
		91EC29D821ACA42E005F840B /* MainTabBarController.swift */ = {isa = PBXFileReference; lastKnownFileType = sourcecode.swift; path = MainTabBarController.swift; sourceTree = "<group>"; };
		91EC29DB21ACB87A005F840B /* SearchTableVC.swift */ = {isa = PBXFileReference; lastKnownFileType = sourcecode.swift; path = SearchTableVC.swift; sourceTree = "<group>"; };
		91EC29DE21ACB970005F840B /* Podcast.swift */ = {isa = PBXFileReference; lastKnownFileType = sourcecode.swift; path = Podcast.swift; sourceTree = "<group>"; };
		91ECC75C21B5D90A00BDE15F /* String.swift */ = {isa = PBXFileReference; lastKnownFileType = sourcecode.swift; path = String.swift; sourceTree = "<group>"; };
		91ECC75E21B5DB2A00BDE15F /* RSSFeed.swift */ = {isa = PBXFileReference; lastKnownFileType = sourcecode.swift; path = RSSFeed.swift; sourceTree = "<group>"; };
		E989355EA41032BFC3E160A8 /* Pods-PodcastsApp.debug.xcconfig */ = {isa = PBXFileReference; includeInIndex = 1; lastKnownFileType = text.xcconfig; name = "Pods-PodcastsApp.debug.xcconfig"; path = "Pods/Target Support Files/Pods-PodcastsApp/Pods-PodcastsApp.debug.xcconfig"; sourceTree = "<group>"; };
/* End PBXFileReference section */

/* Begin PBXFrameworksBuildPhase section */
		91EC29C021ACA290005F840B /* Frameworks */ = {
			isa = PBXFrameworksBuildPhase;
			buildActionMask = 2147483647;
			files = (
				985DB15988BB6E35A8E2AD4C /* Pods_PodcastsApp.framework in Frameworks */,
			);
			runOnlyForDeploymentPostprocessing = 0;
		};
/* End PBXFrameworksBuildPhase section */

/* Begin PBXGroup section */
		4E25ECD527E8156835262554 /* Frameworks */ = {
			isa = PBXGroup;
			children = (
				2C591EB0D90FA64C3722EC16 /* Pods_PodcastsApp.framework */,
			);
			name = Frameworks;
			sourceTree = "<group>";
		};
		61A94011AB5F54BE7DA52A99 /* Pods */ = {
			isa = PBXGroup;
			children = (
				E989355EA41032BFC3E160A8 /* Pods-PodcastsApp.debug.xcconfig */,
				50BEF324954BA5D6EBE11CAD /* Pods-PodcastsApp.release.xcconfig */,
			);
			name = Pods;
			sourceTree = "<group>";
		};
		9108237621AF2AA000CCE199 /* API */ = {
			isa = PBXGroup;
			children = (
				9108237721AF2AC900CCE199 /* APIService.swift */,
			);
			path = API;
			sourceTree = "<group>";
		};
		9108237921AF40EB00CCE199 /* Views */ = {
			isa = PBXGroup;
			children = (
				9108237C21AF4C6100CCE199 /* PodcastCell.swift */,
				9108237A21AF412C00CCE199 /* PodcastCell.xib */,
				91B1328621B581EE00352855 /* EpisodeCell.swift */,
				91B1328721B581EE00352855 /* EpisodeCell.xib */,
				910EFF3221F71C040038BF87 /* PlayerDetailsView.xib */,
				910EFF3421F720EE0038BF87 /* PlayerDetailsView.swift */,
				910FF35D222B3A950084444E /* PlayerDetailsView+Gestures.swift */,
				9116625B223E43CC0049B555 /* FavoritePodcastCell.swift */,
			);
			path = Views;
			sourceTree = "<group>";
		};
		91EC29BA21ACA290005F840B = {
			isa = PBXGroup;
			children = (
				91EC29C521ACA290005F840B /* PodcastsApp */,
				91EC29C421ACA290005F840B /* Products */,
				61A94011AB5F54BE7DA52A99 /* Pods */,
				4E25ECD527E8156835262554 /* Frameworks */,
			);
			sourceTree = "<group>";
		};
		91EC29C421ACA290005F840B /* Products */ = {
			isa = PBXGroup;
			children = (
				91EC29C321ACA290005F840B /* PodcastsApp.app */,
			);
			name = Products;
			sourceTree = "<group>";
		};
		91EC29C521ACA290005F840B /* PodcastsApp */ = {
			isa = PBXGroup;
			children = (
				91ECC75B21B5D8E000BDE15F /* Extensions */,
				9108237621AF2AA000CCE199 /* API */,
				91EC29DD21ACB950005F840B /* Models */,
				9108237921AF40EB00CCE199 /* Views */,
				91EC29DA21ACB841005F840B /* Controllers */,
				91EC29C621ACA290005F840B /* AppDelegate.swift */,
				91EC29CA21ACA290005F840B /* Main.storyboard */,
				91EC29CD21ACA296005F840B /* Assets.xcassets */,
				91EC29CF21ACA296005F840B /* LaunchScreen.storyboard */,
				91EC29D221ACA296005F840B /* Info.plist */,
				91EC29D821ACA42E005F840B /* MainTabBarController.swift */,
			);
			path = PodcastsApp;
			sourceTree = "<group>";
		};
		91EC29DA21ACB841005F840B /* Controllers */ = {
			isa = PBXGroup;
			children = (
				91EC29DB21ACB87A005F840B /* SearchTableVC.swift */,
				9116E7DA21B29DFB00A89263 /* EpisodesTableVc.swift */,
				91EC29C821ACA290005F840B /* FavoriteController.swift */,
				91166259223E3D280049B555 /* DownloadVC.swift */,
			);
			path = Controllers;
			sourceTree = "<group>";
		};
		91EC29DD21ACB950005F840B /* Models */ = {
			isa = PBXGroup;
			children = (
				91EC29DE21ACB970005F840B /* Podcast.swift */,
				9103348B21ADDE5B0048120C /* SearchResults.swift */,
				9116E7DC21B2AD3800A89263 /* Episode.swift */,
			);
			path = Models;
			sourceTree = "<group>";
		};
		91ECC75B21B5D8E000BDE15F /* Extensions */ = {
			isa = PBXGroup;
			children = (
				91ECC75C21B5D90A00BDE15F /* String.swift */,
				911422E621F78DBD0058FF35 /* CMTime.swift */,
				91ECC75E21B5DB2A00BDE15F /* RSSFeed.swift */,
				910FF35B222B38070084444E /* UIApplication.swift */,
				9116625D223E6E3C0049B555 /* UserDefaults.swift */,
			);
			path = Extensions;
			sourceTree = "<group>";
		};
/* End PBXGroup section */

/* Begin PBXNativeTarget section */
		91EC29C221ACA290005F840B /* PodcastsApp */ = {
			isa = PBXNativeTarget;
			buildConfigurationList = 91EC29D521ACA296005F840B /* Build configuration list for PBXNativeTarget "PodcastsApp" */;
			buildPhases = (
				CFD84FF1808F00A8B462350F /* [CP] Check Pods Manifest.lock */,
				91EC29BF21ACA290005F840B /* Sources */,
				91EC29C021ACA290005F840B /* Frameworks */,
				91EC29C121ACA290005F840B /* Resources */,
				ED8141AEDD9896B75A8A0964 /* [CP] Embed Pods Frameworks */,
			);
			buildRules = (
			);
			dependencies = (
			);
			name = PodcastsApp;
			productName = PodcastsApp;
			productReference = 91EC29C321ACA290005F840B /* PodcastsApp.app */;
			productType = "com.apple.product-type.application";
		};
/* End PBXNativeTarget section */

/* Begin PBXProject section */
		91EC29BB21ACA290005F840B /* Project object */ = {
			isa = PBXProject;
			attributes = {
				LastSwiftUpdateCheck = 1000;
				LastUpgradeCheck = 1000;
				ORGANIZATIONNAME = MOAMEN;
				TargetAttributes = {
					91EC29C221ACA290005F840B = {
						CreatedOnToolsVersion = 10.0;
						SystemCapabilities = {
							com.apple.BackgroundModes = {
								enabled = 1;
							};
						};
					};
				};
			};
			buildConfigurationList = 91EC29BE21ACA290005F840B /* Build configuration list for PBXProject "PodcastsApp" */;
			compatibilityVersion = "Xcode 9.3";
			developmentRegion = en;
			hasScannedForEncodings = 0;
			knownRegions = (
				en,
				Base,
			);
			mainGroup = 91EC29BA21ACA290005F840B;
			productRefGroup = 91EC29C421ACA290005F840B /* Products */;
			projectDirPath = "";
			projectRoot = "";
			targets = (
				91EC29C221ACA290005F840B /* PodcastsApp */,
			);
		};
/* End PBXProject section */

/* Begin PBXResourcesBuildPhase section */
		91EC29C121ACA290005F840B /* Resources */ = {
			isa = PBXResourcesBuildPhase;
			buildActionMask = 2147483647;
			files = (
				910EFF3321F71C040038BF87 /* PlayerDetailsView.xib in Resources */,
				91EC29D121ACA296005F840B /* LaunchScreen.storyboard in Resources */,
				91EC29CE21ACA296005F840B /* Assets.xcassets in Resources */,
				91B1328921B581EE00352855 /* EpisodeCell.xib in Resources */,
				9108237B21AF412C00CCE199 /* PodcastCell.xib in Resources */,
				91EC29CC21ACA290005F840B /* Main.storyboard in Resources */,
			);
			runOnlyForDeploymentPostprocessing = 0;
		};
/* End PBXResourcesBuildPhase section */

/* Begin PBXShellScriptBuildPhase section */
		CFD84FF1808F00A8B462350F /* [CP] Check Pods Manifest.lock */ = {
			isa = PBXShellScriptBuildPhase;
			buildActionMask = 2147483647;
			files = (
			);
			inputFileListPaths = (
			);
			inputPaths = (
				"${PODS_PODFILE_DIR_PATH}/Podfile.lock",
				"${PODS_ROOT}/Manifest.lock",
			);
			name = "[CP] Check Pods Manifest.lock";
			outputFileListPaths = (
			);
			outputPaths = (
				"$(DERIVED_FILE_DIR)/Pods-PodcastsApp-checkManifestLockResult.txt",
			);
			runOnlyForDeploymentPostprocessing = 0;
			shellPath = /bin/sh;
			shellScript = "diff \"${PODS_PODFILE_DIR_PATH}/Podfile.lock\" \"${PODS_ROOT}/Manifest.lock\" > /dev/null\nif [ $? != 0 ] ; then\n    # print error to STDERR\n    echo \"error: The sandbox is not in sync with the Podfile.lock. Run 'pod install' or update your CocoaPods installation.\" >&2\n    exit 1\nfi\n# This output is used by Xcode 'outputs' to avoid re-running this script phase.\necho \"SUCCESS\" > \"${SCRIPT_OUTPUT_FILE_0}\"\n";
			showEnvVarsInLog = 0;
		};
		ED8141AEDD9896B75A8A0964 /* [CP] Embed Pods Frameworks */ = {
			isa = PBXShellScriptBuildPhase;
			buildActionMask = 2147483647;
			files = (
			);
			inputFileListPaths = (
			);
			inputPaths = (
				"${SRCROOT}/Pods/Target Support Files/Pods-PodcastsApp/Pods-PodcastsApp-frameworks.sh",
				"${BUILT_PRODUCTS_DIR}/Alamofire/Alamofire.framework",
				"${BUILT_PRODUCTS_DIR}/FeedKit/FeedKit.framework",
				"${BUILT_PRODUCTS_DIR}/SDWebImage/SDWebImage.framework",
			);
			name = "[CP] Embed Pods Frameworks";
			outputFileListPaths = (
			);
			outputPaths = (
				"${TARGET_BUILD_DIR}/${FRAMEWORKS_FOLDER_PATH}/Alamofire.framework",
				"${TARGET_BUILD_DIR}/${FRAMEWORKS_FOLDER_PATH}/FeedKit.framework",
				"${TARGET_BUILD_DIR}/${FRAMEWORKS_FOLDER_PATH}/SDWebImage.framework",
			);
			runOnlyForDeploymentPostprocessing = 0;
			shellPath = /bin/sh;
			shellScript = "\"${SRCROOT}/Pods/Target Support Files/Pods-PodcastsApp/Pods-PodcastsApp-frameworks.sh\"\n";
			showEnvVarsInLog = 0;
		};
/* End PBXShellScriptBuildPhase section */

/* Begin PBXSourcesBuildPhase section */
		91EC29BF21ACA290005F840B /* Sources */ = {
			isa = PBXSourcesBuildPhase;
			buildActionMask = 2147483647;
			files = (
				910FF35C222B38070084444E /* UIApplication.swift in Sources */,
				91ECC75F21B5DB2A00BDE15F /* RSSFeed.swift in Sources */,
				910FF35E222B3A950084444E /* PlayerDetailsView+Gestures.swift in Sources */,
				91EC29C921ACA290005F840B /* FavoriteController.swift in Sources */,
				9108237821AF2AC900CCE199 /* APIService.swift in Sources */,
				9116625C223E43CC0049B555 /* FavoritePodcastCell.swift in Sources */,
				9108237D21AF4C6100CCE199 /* PodcastCell.swift in Sources */,
				91B1328821B581EE00352855 /* EpisodeCell.swift in Sources */,
				9116E7DD21B2AD3800A89263 /* Episode.swift in Sources */,
				910EFF3521F720EE0038BF87 /* PlayerDetailsView.swift in Sources */,
				91EC29DC21ACB87A005F840B /* SearchTableVC.swift in Sources */,
				91ECC75D21B5D90A00BDE15F /* String.swift in Sources */,
				91EC29C721ACA290005F840B /* AppDelegate.swift in Sources */,
				91EC29D921ACA42E005F840B /* MainTabBarController.swift in Sources */,
				9103348C21ADDE5B0048120C /* SearchResults.swift in Sources */,
				9116E7DB21B29DFB00A89263 /* EpisodesTableVc.swift in Sources */,
				9116625E223E6E3C0049B555 /* UserDefaults.swift in Sources */,
				911422E721F78DBD0058FF35 /* CMTime.swift in Sources */,
				9116625A223E3D280049B555 /* DownloadVC.swift in Sources */,
				91EC29DF21ACB970005F840B /* Podcast.swift in Sources */,
			);
			runOnlyForDeploymentPostprocessing = 0;
		};
/* End PBXSourcesBuildPhase section */

/* Begin PBXVariantGroup section */
		91EC29CA21ACA290005F840B /* Main.storyboard */ = {
			isa = PBXVariantGroup;
			children = (
				91EC29CB21ACA290005F840B /* Base */,
			);
			name = Main.storyboard;
			sourceTree = "<group>";
		};
		91EC29CF21ACA296005F840B /* LaunchScreen.storyboard */ = {
			isa = PBXVariantGroup;
			children = (
				91EC29D021ACA296005F840B /* Base */,
			);
			name = LaunchScreen.storyboard;
			sourceTree = "<group>";
		};
/* End PBXVariantGroup section */

/* Begin XCBuildConfiguration section */
		91EC29D321ACA296005F840B /* Debug */ = {
			isa = XCBuildConfiguration;
			buildSettings = {
				ALWAYS_SEARCH_USER_PATHS = NO;
				CLANG_ANALYZER_NONNULL = YES;
				CLANG_ANALYZER_NUMBER_OBJECT_CONVERSION = YES_AGGRESSIVE;
				CLANG_CXX_LANGUAGE_STANDARD = "gnu++14";
				CLANG_CXX_LIBRARY = "libc++";
				CLANG_ENABLE_MODULES = YES;
				CLANG_ENABLE_OBJC_ARC = YES;
				CLANG_ENABLE_OBJC_WEAK = YES;
				CLANG_WARN_BLOCK_CAPTURE_AUTORELEASING = YES;
				CLANG_WARN_BOOL_CONVERSION = YES;
				CLANG_WARN_COMMA = YES;
				CLANG_WARN_CONSTANT_CONVERSION = YES;
				CLANG_WARN_DEPRECATED_OBJC_IMPLEMENTATIONS = YES;
				CLANG_WARN_DIRECT_OBJC_ISA_USAGE = YES_ERROR;
				CLANG_WARN_DOCUMENTATION_COMMENTS = YES;
				CLANG_WARN_EMPTY_BODY = YES;
				CLANG_WARN_ENUM_CONVERSION = YES;
				CLANG_WARN_INFINITE_RECURSION = YES;
				CLANG_WARN_INT_CONVERSION = YES;
				CLANG_WARN_NON_LITERAL_NULL_CONVERSION = YES;
				CLANG_WARN_OBJC_IMPLICIT_RETAIN_SELF = YES;
				CLANG_WARN_OBJC_LITERAL_CONVERSION = YES;
				CLANG_WARN_OBJC_ROOT_CLASS = YES_ERROR;
				CLANG_WARN_RANGE_LOOP_ANALYSIS = YES;
				CLANG_WARN_STRICT_PROTOTYPES = YES;
				CLANG_WARN_SUSPICIOUS_MOVE = YES;
				CLANG_WARN_UNGUARDED_AVAILABILITY = YES_AGGRESSIVE;
				CLANG_WARN_UNREACHABLE_CODE = YES;
				CLANG_WARN__DUPLICATE_METHOD_MATCH = YES;
				CODE_SIGN_IDENTITY = "iPhone Developer";
				COPY_PHASE_STRIP = NO;
				DEBUG_INFORMATION_FORMAT = dwarf;
				ENABLE_STRICT_OBJC_MSGSEND = YES;
				ENABLE_TESTABILITY = YES;
				GCC_C_LANGUAGE_STANDARD = gnu11;
				GCC_DYNAMIC_NO_PIC = NO;
				GCC_NO_COMMON_BLOCKS = YES;
				GCC_OPTIMIZATION_LEVEL = 0;
				GCC_PREPROCESSOR_DEFINITIONS = (
					"DEBUG=1",
					"$(inherited)",
				);
				GCC_WARN_64_TO_32_BIT_CONVERSION = YES;
				GCC_WARN_ABOUT_RETURN_TYPE = YES_ERROR;
				GCC_WARN_UNDECLARED_SELECTOR = YES;
				GCC_WARN_UNINITIALIZED_AUTOS = YES_AGGRESSIVE;
				GCC_WARN_UNUSED_FUNCTION = YES;
				GCC_WARN_UNUSED_VARIABLE = YES;
				IPHONEOS_DEPLOYMENT_TARGET = 12.0;
				MTL_ENABLE_DEBUG_INFO = INCLUDE_SOURCE;
				MTL_FAST_MATH = YES;
				ONLY_ACTIVE_ARCH = YES;
				SDKROOT = iphoneos;
				SWIFT_ACTIVE_COMPILATION_CONDITIONS = DEBUG;
				SWIFT_OPTIMIZATION_LEVEL = "-Onone";
			};
			name = Debug;
		};
		91EC29D421ACA296005F840B /* Release */ = {
			isa = XCBuildConfiguration;
			buildSettings = {
				ALWAYS_SEARCH_USER_PATHS = NO;
				CLANG_ANALYZER_NONNULL = YES;
				CLANG_ANALYZER_NUMBER_OBJECT_CONVERSION = YES_AGGRESSIVE;
				CLANG_CXX_LANGUAGE_STANDARD = "gnu++14";
				CLANG_CXX_LIBRARY = "libc++";
				CLANG_ENABLE_MODULES = YES;
				CLANG_ENABLE_OBJC_ARC = YES;
				CLANG_ENABLE_OBJC_WEAK = YES;
				CLANG_WARN_BLOCK_CAPTURE_AUTORELEASING = YES;
				CLANG_WARN_BOOL_CONVERSION = YES;
				CLANG_WARN_COMMA = YES;
				CLANG_WARN_CONSTANT_CONVERSION = YES;
				CLANG_WARN_DEPRECATED_OBJC_IMPLEMENTATIONS = YES;
				CLANG_WARN_DIRECT_OBJC_ISA_USAGE = YES_ERROR;
				CLANG_WARN_DOCUMENTATION_COMMENTS = YES;
				CLANG_WARN_EMPTY_BODY = YES;
				CLANG_WARN_ENUM_CONVERSION = YES;
				CLANG_WARN_INFINITE_RECURSION = YES;
				CLANG_WARN_INT_CONVERSION = YES;
				CLANG_WARN_NON_LITERAL_NULL_CONVERSION = YES;
				CLANG_WARN_OBJC_IMPLICIT_RETAIN_SELF = YES;
				CLANG_WARN_OBJC_LITERAL_CONVERSION = YES;
				CLANG_WARN_OBJC_ROOT_CLASS = YES_ERROR;
				CLANG_WARN_RANGE_LOOP_ANALYSIS = YES;
				CLANG_WARN_STRICT_PROTOTYPES = YES;
				CLANG_WARN_SUSPICIOUS_MOVE = YES;
				CLANG_WARN_UNGUARDED_AVAILABILITY = YES_AGGRESSIVE;
				CLANG_WARN_UNREACHABLE_CODE = YES;
				CLANG_WARN__DUPLICATE_METHOD_MATCH = YES;
				CODE_SIGN_IDENTITY = "iPhone Developer";
				COPY_PHASE_STRIP = NO;
				DEBUG_INFORMATION_FORMAT = "dwarf-with-dsym";
				ENABLE_NS_ASSERTIONS = NO;
				ENABLE_STRICT_OBJC_MSGSEND = YES;
				GCC_C_LANGUAGE_STANDARD = gnu11;
				GCC_NO_COMMON_BLOCKS = YES;
				GCC_WARN_64_TO_32_BIT_CONVERSION = YES;
				GCC_WARN_ABOUT_RETURN_TYPE = YES_ERROR;
				GCC_WARN_UNDECLARED_SELECTOR = YES;
				GCC_WARN_UNINITIALIZED_AUTOS = YES_AGGRESSIVE;
				GCC_WARN_UNUSED_FUNCTION = YES;
				GCC_WARN_UNUSED_VARIABLE = YES;
				IPHONEOS_DEPLOYMENT_TARGET = 12.0;
				MTL_ENABLE_DEBUG_INFO = NO;
				MTL_FAST_MATH = YES;
				SDKROOT = iphoneos;
				SWIFT_COMPILATION_MODE = wholemodule;
				SWIFT_OPTIMIZATION_LEVEL = "-O";
				VALIDATE_PRODUCT = YES;
			};
			name = Release;
		};
		91EC29D621ACA296005F840B /* Debug */ = {
			isa = XCBuildConfiguration;
			baseConfigurationReference = E989355EA41032BFC3E160A8 /* Pods-PodcastsApp.debug.xcconfig */;
			buildSettings = {
				ASSETCATALOG_COMPILER_APPICON_NAME = AppIcon;
				CODE_SIGN_STYLE = Automatic;
				DEVELOPMENT_TEAM = K299V5NB32;
				INFOPLIST_FILE = PodcastsApp/Info.plist;
				IPHONEOS_DEPLOYMENT_TARGET = 12.0;
				LD_RUNPATH_SEARCH_PATHS = (
					"$(inherited)",
					"@executable_path/Frameworks",
				);
				PRODUCT_BUNDLE_IDENTIFIER = moamen.PodcastsApp;
				PRODUCT_NAME = "$(TARGET_NAME)";
				SWIFT_VERSION = 4.2;
				TARGETED_DEVICE_FAMILY = 1;
			};
			name = Debug;
		};
		91EC29D721ACA296005F840B /* Release */ = {
			isa = XCBuildConfiguration;
			baseConfigurationReference = 50BEF324954BA5D6EBE11CAD /* Pods-PodcastsApp.release.xcconfig */;
			buildSettings = {
				ASSETCATALOG_COMPILER_APPICON_NAME = AppIcon;
				CODE_SIGN_STYLE = Automatic;
				DEVELOPMENT_TEAM = K299V5NB32;
				INFOPLIST_FILE = PodcastsApp/Info.plist;
				IPHONEOS_DEPLOYMENT_TARGET = 12.0;
				LD_RUNPATH_SEARCH_PATHS = (
					"$(inherited)",
					"@executable_path/Frameworks",
				);
				PRODUCT_BUNDLE_IDENTIFIER = moamen.PodcastsApp;
				PRODUCT_NAME = "$(TARGET_NAME)";
				SWIFT_VERSION = 4.2;
				TARGETED_DEVICE_FAMILY = 1;
			};
			name = Release;
		};
/* End XCBuildConfiguration section */

/* Begin XCConfigurationList section */
		91EC29BE21ACA290005F840B /* Build configuration list for PBXProject "PodcastsApp" */ = {
			isa = XCConfigurationList;
			buildConfigurations = (
				91EC29D321ACA296005F840B /* Debug */,
				91EC29D421ACA296005F840B /* Release */,
			);
			defaultConfigurationIsVisible = 0;
			defaultConfigurationName = Release;
		};
		91EC29D521ACA296005F840B /* Build configuration list for PBXNativeTarget "PodcastsApp" */ = {
			isa = XCConfigurationList;
			buildConfigurations = (
				91EC29D621ACA296005F840B /* Debug */,
				91EC29D721ACA296005F840B /* Release */,
			);
			defaultConfigurationIsVisible = 0;
			defaultConfigurationName = Release;
		};
/* End XCConfigurationList section */
	};
	rootObject = 91EC29BB21ACA290005F840B /* Project object */;
}
